
Microsoft Visual Studio Solution File, Format Version 11.00
# Visual Studio 2010
Project("{FAE04EC0-301F-11D3-BF4B-00C04F79EFBC}") = "IndiaApplication", "IndiaApplication\IndiaApplication.csproj", "{6655B473-1D7F-41E7-BADF-8D4517E1C2A0}"
EndProject
Project("{FAE04EC0-301F-11D3-BF4B-00C04F79EFBC}") = "IndiaApplication.unit.test", "IndiaApplication.unit.test\IndiaApplication.unit.test.csproj", "{182F71DB-B549-41D7-A5DE-CF4624A4719D}"
EndProject
Project("{FAE04EC0-301F-11D3-BF4B-00C04F79EFBC}") = "IndiaApplication.acceptance.test", "IndiaApplication.acceptance.test\IndiaApplication.acceptance.test.csproj", "{43F4D301-BEFD-4E20-9EE6-2345D8293BCB}"
EndProject
Project("{2150E333-8FDC-42A3-9474-1A3956D46DE8}") = "build", "build", "{90236D6C-E81E-46E4-AA49-AC857A223F6C}"
	ProjectSection(SolutionItems) = preProject
		rakefile.rb = rakefile.rb
	EndProjectSection
EndProject
Global
	GlobalSection(SolutionConfigurationPlatforms) = preSolution
		Debug|Any CPU = Debug|Any CPU
		Release|Any CPU = Release|Any CPU
	EndGlobalSection
	GlobalSection(ProjectConfigurationPlatforms) = postSolution
		{6655B473-1D7F-41E7-BADF-8D4517E1C2A0}.Debug|Any CPU.ActiveCfg = Debug|Any CPU
		{6655B473-1D7F-41E7-BADF-8D4517E1C2A0}.Debug|Any CPU.Build.0 = Debug|Any CPU
		{6655B473-1D7F-41E7-BADF-8D4517E1C2A0}.Release|Any CPU.ActiveCfg = Release|Any CPU
		{6655B473-1D7F-41E7-BADF-8D4517E1C2A0}.Release|Any CPU.Build.0 = Release|Any CPU
		{182F71DB-B549-41D7-A5DE-CF4624A4719D}.Debug|Any CPU.ActiveCfg = Debug|Any CPU
		{182F71DB-B549-41D7-A5DE-CF4624A4719D}.Debug|Any CPU.Build.0 = Debug|Any CPU
		{182F71DB-B549-41D7-A5DE-CF4624A4719D}.Release|Any CPU.ActiveCfg = Release|Any CPU
		{182F71DB-B549-41D7-A5DE-CF4624A4719D}.Release|Any CPU.Build.0 = Release|Any CPU
		{43F4D301-BEFD-4E20-9EE6-2345D8293BCB}.Debug|Any CPU.ActiveCfg = Debug|Any CPU
		{43F4D301-BEFD-4E20-9EE6-2345D8293BCB}.Debug|Any CPU.Build.0 = Debug|Any CPU
		{43F4D301-BEFD-4E20-9EE6-2345D8293BCB}.Release|Any CPU.ActiveCfg = Release|Any CPU
		{43F4D301-BEFD-4E20-9EE6-2345D8293BCB}.Release|Any CPU.Build.0 = Release|Any CPU
	EndGlobalSection
	GlobalSection(SolutionProperties) = preSolution
		HideSolutionNode = FALSE
	EndGlobalSection
EndGlobal
